// !$*UTF8*$!
{
	archiveVersion = 1;
	classes = {
	};
	objectVersion = 50;
	objects = {

/* Begin PBXBuildFile section */
		BF7EFDEE25F805E5006BD49C /* AppDelegate.swift in Sources */ = {isa = PBXBuildFile; fileRef = BF7EFDED25F805E5006BD49C /* AppDelegate.swift */; };
		BF7EFDF025F805E5006BD49C /* ViewController.swift in Sources */ = {isa = PBXBuildFile; fileRef = BF7EFDEF25F805E5006BD49C /* ViewController.swift */; };
		BF7EFDF325F805E5006BD49C /* Main.storyboard in Resources */ = {isa = PBXBuildFile; fileRef = BF7EFDF125F805E5006BD49C /* Main.storyboard */; };
		BF7EFDF525F805E7006BD49C /* Assets.xcassets in Resources */ = {isa = PBXBuildFile; fileRef = BF7EFDF425F805E7006BD49C /* Assets.xcassets */; };
		BF7EFDF825F805E7006BD49C /* LaunchScreen.storyboard in Resources */ = {isa = PBXBuildFile; fileRef = BF7EFDF625F805E7006BD49C /* LaunchScreen.storyboard */; };
		BF7EFE0325F805E7006BD49C /* HackwichEightTests.swift in Sources */ = {isa = PBXBuildFile; fileRef = BF7EFE0225F805E7006BD49C /* HackwichEightTests.swift */; };
		BF7EFE0E25F805E7006BD49C /* HackwichEightUITests.swift in Sources */ = {isa = PBXBuildFile; fileRef = BF7EFE0D25F805E7006BD49C /* HackwichEightUITests.swift */; };
/* End PBXBuildFile section */

/* Begin PBXContainerItemProxy section */
		BF7EFDFF25F805E7006BD49C /* PBXContainerItemProxy */ = {
			isa = PBXContainerItemProxy;
			containerPortal = BF7EFDE225F805E5006BD49C /* Project object */;
			proxyType = 1;
			remoteGlobalIDString = BF7EFDE925F805E5006BD49C;
			remoteInfo = HackwichEight;
		};
		BF7EFE0A25F805E7006BD49C /* PBXContainerItemProxy */ = {
			isa = PBXContainerItemProxy;
			containerPortal = BF7EFDE225F805E5006BD49C /* Project object */;
			proxyType = 1;
			remoteGlobalIDString = BF7EFDE925F805E5006BD49C;
			remoteInfo = HackwichEight;
		};
/* End PBXContainerItemProxy section */

/* Begin PBXFileReference section */
		BF7EFDEA25F805E5006BD49C /* HackwichEight.app */ = {isa = PBXFileReference; explicitFileType = wrapper.application; includeInIndex = 0; path = HackwichEight.app; sourceTree = BUILT_PRODUCTS_DIR; };
		BF7EFDED25F805E5006BD49C /* AppDelegate.swift */ = {isa = PBXFileReference; lastKnownFileType = sourcecode.swift; path = AppDelegate.swift; sourceTree = "<group>"; };
		BF7EFDEF25F805E5006BD49C /* ViewController.swift */ = {isa = PBXFileReference; lastKnownFileType = sourcecode.swift; path = ViewController.swift; sourceTree = "<group>"; };
		BF7EFDF225F805E5006BD49C /* Base */ = {isa = PBXFileReference; lastKnownFileType = file.storyboard; name = Base; path = Base.lproj/Main.storyboard; sourceTree = "<group>"; };
		BF7EFDF425F805E7006BD49C /* Assets.xcassets */ = {isa = PBXFileReference; lastKnownFileType = folder.assetcatalog; path = Assets.xcassets; sourceTree = "<group>"; };
		BF7EFDF725F805E7006BD49C /* Base */ = {isa = PBXFileReference; lastKnownFileType = file.storyboard; name = Base; path = Base.lproj/LaunchScreen.storyboard; sourceTree = "<group>"; };
		BF7EFDF925F805E7006BD49C /* Info.plist */ = {isa = PBXFileReference; lastKnownFileType = text.plist.xml; path = Info.plist; sourceTree = "<group>"; };
		BF7EFDFE25F805E7006BD49C /* HackwichEightTests.xctest */ = {isa = PBXFileReference; explicitFileType = wrapper.cfbundle; includeInIndex = 0; path = HackwichEightTests.xctest; sourceTree = BUILT_PRODUCTS_DIR; };
		BF7EFE0225F805E7006BD49C /* HackwichEightTests.swift */ = {isa = PBXFileReference; lastKnownFileType = sourcecode.swift; path = HackwichEightTests.swift; sourceTree = "<group>"; };
		BF7EFE0425F805E7006BD49C /* Info.plist */ = {isa = PBXFileReference; lastKnownFileType = text.plist.xml; path = Info.plist; sourceTree = "<group>"; };
		BF7EFE0925F805E7006BD49C /* HackwichEightUITests.xctest */ = {isa = PBXFileReference; explicitFileType = wrapper.cfbundle; includeInIndex = 0; path = HackwichEightUITests.xctest; sourceTree = BUILT_PRODUCTS_DIR; };
		BF7EFE0D25F805E7006BD49C /* HackwichEightUITests.swift */ = {isa = PBXFileReference; lastKnownFileType = sourcecode.swift; path = HackwichEightUITests.swift; sourceTree = "<group>"; };
		BF7EFE0F25F805E7006BD49C /* Info.plist */ = {isa = PBXFileReference; lastKnownFileType = text.plist.xml; path = Info.plist; sourceTree = "<group>"; };
/* End PBXFileReference section */

/* Begin PBXFrameworksBuildPhase section */
		BF7EFDE725F805E5006BD49C /* Frameworks */ = {
			isa = PBXFrameworksBuildPhase;
			buildActionMask = 2147483647;
			files = (
			);
			runOnlyForDeploymentPostprocessing = 0;
		};
		BF7EFDFB25F805E7006BD49C /* Frameworks */ = {
			isa = PBXFrameworksBuildPhase;
			buildActionMask = 2147483647;
			files = (
			);
			runOnlyForDeploymentPostprocessing = 0;
		};
		BF7EFE0625F805E7006BD49C /* Frameworks */ = {
			isa = PBXFrameworksBuildPhase;
			buildActionMask = 2147483647;
			files = (
			);
			runOnlyForDeploymentPostprocessing = 0;
		};
/* End PBXFrameworksBuildPhase section */

/* Begin PBXGroup section */
		BF7EFDE125F805E5006BD49C = {
			isa = PBXGroup;
			children = (
				BF7EFDEC25F805E5006BD49C /* HackwichEight */,
				BF7EFE0125F805E7006BD49C /* HackwichEightTests */,
				BF7EFE0C25F805E7006BD49C /* HackwichEightUITests */,
				BF7EFDEB25F805E5006BD49C /* Products */,
			);
			sourceTree = "<group>";
		};
		BF7EFDEB25F805E5006BD49C /* Products */ = {
			isa = PBXGroup;
			children = (
				BF7EFDEA25F805E5006BD49C /* HackwichEight.app */,
				BF7EFDFE25F805E7006BD49C /* HackwichEightTests.xctest */,
				BF7EFE0925F805E7006BD49C /* HackwichEightUITests.xctest */,
			);
			name = Products;
			sourceTree = "<group>";
		};
		BF7EFDEC25F805E5006BD49C /* HackwichEight */ = {
			isa = PBXGroup;
			children = (
				BF7EFDED25F805E5006BD49C /* AppDelegate.swift */,
				BF7EFDEF25F805E5006BD49C /* ViewController.swift */,
				BF7EFDF125F805E5006BD49C /* Main.storyboard */,
				BF7EFDF425F805E7006BD49C /* Assets.xcassets */,
				BF7EFDF625F805E7006BD49C /* LaunchScreen.storyboard */,
				BF7EFDF925F805E7006BD49C /* Info.plist */,
			);
			path = HackwichEight;
			sourceTree = "<group>";
		};
		BF7EFE0125F805E7006BD49C /* HackwichEightTests */ = {
			isa = PBXGroup;
			children = (
				BF7EFE0225F805E7006BD49C /* HackwichEightTests.swift */,
				BF7EFE0425F805E7006BD49C /* Info.plist */,
			);
			path = HackwichEightTests;
			sourceTree = "<group>";
		};
		BF7EFE0C25F805E7006BD49C /* HackwichEightUITests */ = {
			isa = PBXGroup;
			children = (
				BF7EFE0D25F805E7006BD49C /* HackwichEightUITests.swift */,
				BF7EFE0F25F805E7006BD49C /* Info.plist */,
			);
			path = HackwichEightUITests;
			sourceTree = "<group>";
		};
/* End PBXGroup section */

/* Begin PBXNativeTarget section */
		BF7EFDE925F805E5006BD49C /* HackwichEight */ = {
			isa = PBXNativeTarget;
			buildConfigurationList = BF7EFE1225F805E7006BD49C /* Build configuration list for PBXNativeTarget "HackwichEight" */;
			buildPhases = (
				BF7EFDE625F805E5006BD49C /* Sources */,
				BF7EFDE725F805E5006BD49C /* Frameworks */,
				BF7EFDE825F805E5006BD49C /* Resources */,
			);
			buildRules = (
			);
			dependencies = (
			);
			name = HackwichEight;
			productName = HackwichEight;
			productReference = BF7EFDEA25F805E5006BD49C /* HackwichEight.app */;
			productType = "com.apple.product-type.application";
		};
		BF7EFDFD25F805E7006BD49C /* HackwichEightTests */ = {
			isa = PBXNativeTarget;
			buildConfigurationList = BF7EFE1525F805E7006BD49C /* Build configuration list for PBXNativeTarget "HackwichEightTests" */;
			buildPhases = (
				BF7EFDFA25F805E7006BD49C /* Sources */,
				BF7EFDFB25F805E7006BD49C /* Frameworks */,
				BF7EFDFC25F805E7006BD49C /* Resources */,
			);
			buildRules = (
			);
			dependencies = (
				BF7EFE0025F805E7006BD49C /* PBXTargetDependency */,
			);
			name = HackwichEightTests;
			productName = HackwichEightTests;
			productReference = BF7EFDFE25F805E7006BD49C /* HackwichEightTests.xctest */;
			productType = "com.apple.product-type.bundle.unit-test";
		};
		BF7EFE0825F805E7006BD49C /* HackwichEightUITests */ = {
			isa = PBXNativeTarget;
			buildConfigurationList = BF7EFE1825F805E7006BD49C /* Build configuration list for PBXNativeTarget "HackwichEightUITests" */;
			buildPhases = (
				BF7EFE0525F805E7006BD49C /* Sources */,
				BF7EFE0625F805E7006BD49C /* Frameworks */,
				BF7EFE0725F805E7006BD49C /* Resources */,
			);
			buildRules = (
			);
			dependencies = (
				BF7EFE0B25F805E7006BD49C /* PBXTargetDependency */,
			);
			name = HackwichEightUITests;
			productName = HackwichEightUITests;
			productReference = BF7EFE0925F805E7006BD49C /* HackwichEightUITests.xctest */;
			productType = "com.apple.product-type.bundle.ui-testing";
		};
/* End PBXNativeTarget section */

/* Begin PBXProject section */
		BF7EFDE225F805E5006BD49C /* Project object */ = {
			isa = PBXProject;
			attributes = {
				LastSwiftUpdateCheck = 1010;
				LastUpgradeCheck = 1010;
				ORGANIZATIONNAME = "Randy Bermudez";
				TargetAttributes = {
					BF7EFDE925F805E5006BD49C = {
						CreatedOnToolsVersion = 10.1;
					};
					BF7EFDFD25F805E7006BD49C = {
						CreatedOnToolsVersion = 10.1;
						TestTargetID = BF7EFDE925F805E5006BD49C;
					};
					BF7EFE0825F805E7006BD49C = {
						CreatedOnToolsVersion = 10.1;
						TestTargetID = BF7EFDE925F805E5006BD49C;
					};
				};
			};
			buildConfigurationList = BF7EFDE525F805E5006BD49C /* Build configuration list for PBXProject "HackwichEight" */;
			compatibilityVersion = "Xcode 9.3";
			developmentRegion = en;
			hasScannedForEncodings = 0;
			knownRegions = (
				en,
				Base,
			);
			mainGroup = BF7EFDE125F805E5006BD49C;
			productRefGroup = BF7EFDEB25F805E5006BD49C /* Products */;
			projectDirPath = "";
			projectRoot = "";
			targets = (
				BF7EFDE925F805E5006BD49C /* HackwichEight */,
				BF7EFDFD25F805E7006BD49C /* HackwichEightTests */,
				BF7EFE0825F805E7006BD49C /* HackwichEightUITests */,
			);
		};
/* End PBXProject section */

/* Begin PBXResourcesBuildPhase section */
		BF7EFDE825F805E5006BD49C /* Resources */ = {
			isa = PBXResourcesBuildPhase;
			buildActionMask = 2147483647;
			files = (
				BF7EFDF825F805E7006BD49C /* LaunchScreen.storyboard in Resources */,
				BF7EFDF525F805E7006BD49C /* Assets.xcassets in Resources */,
				BF7EFDF325F805E5006BD49C /* Main.storyboard in Resources */,
			);
			runOnlyForDeploymentPostprocessing = 0;
		};
		BF7EFDFC25F805E7006BD49C /* Resources */ = {
			isa = PBXResourcesBuildPhase;
			buildActionMask = 2147483647;
			files = (
			);
			runOnlyForDeploymentPostprocessing = 0;
		};
		BF7EFE0725F805E7006BD49C /* Resources */ = {
			isa = PBXResourcesBuildPhase;
			buildActionMask = 2147483647;
			files = (
			);
			runOnlyForDeploymentPostprocessing = 0;
		};
/* End PBXResourcesBuildPhase section */

/* Begin PBXSourcesBuildPhase section */
		BF7EFDE625F805E5006BD49C /* Sources */ = {
			isa = PBXSourcesBuildPhase;
			buildActionMask = 2147483647;
			files = (
				BF7EFDF025F805E5006BD49C /* ViewController.swift in Sources */,
				BF7EFDEE25F805E5006BD49C /* AppDelegate.swift in Sources */,
			);
			runOnlyForDeploymentPostprocessing = 0;
		};
		BF7EFDFA25F805E7006BD49C /* Sources */ = {
			isa = PBXSourcesBuildPhase;
			buildActionMask = 2147483647;
			files = (
				BF7EFE0325F805E7006BD49C /* HackwichEightTests.swift in Sources */,
			);
			runOnlyForDeploymentPostprocessing = 0;
		};
		BF7EFE0525F805E7006BD49C /* Sources */ = {
			isa = PBXSourcesBuildPhase;
			buildActionMask = 2147483647;
			files = (
				BF7EFE0E25F805E7006BD49C /* HackwichEightUITests.swift in Sources */,
			);
			runOnlyForDeploymentPostprocessing = 0;
		};
/* End PBXSourcesBuildPhase section */

/* Begin PBXTargetDependency section */
		BF7EFE0025F805E7006BD49C /* PBXTargetDependency */ = {
			isa = PBXTargetDependency;
			target = BF7EFDE925F805E5006BD49C /* HackwichEight */;
			targetProxy = BF7EFDFF25F805E7006BD49C /* PBXContainerItemProxy */;
		};
		BF7EFE0B25F805E7006BD49C /* PBXTargetDependency */ = {
			isa = PBXTargetDependency;
			target = BF7EFDE925F805E5006BD49C /* HackwichEight */;
			targetProxy = BF7EFE0A25F805E7006BD49C /* PBXContainerItemProxy */;
		};
/* End PBXTargetDependency section */

/* Begin PBXVariantGroup section */
		BF7EFDF125F805E5006BD49C /* Main.storyboard */ = {
			isa = PBXVariantGroup;
			children = (
				BF7EFDF225F805E5006BD49C /* Base */,
			);
			name = Main.storyboard;
			sourceTree = "<group>";
		};
		BF7EFDF625F805E7006BD49C /* LaunchScreen.storyboard */ = {
			isa = PBXVariantGroup;
			children = (
				BF7EFDF725F805E7006BD49C /* Base */,
			);
			name = LaunchScreen.storyboard;
			sourceTree = "<group>";
		};
/* End PBXVariantGroup section */

/* Begin XCBuildConfiguration section */
		BF7EFE1025F805E7006BD49C /* Debug */ = {
			isa = XCBuildConfiguration;
			buildSettings = {
				ALWAYS_SEARCH_USER_PATHS = NO;
				CLANG_ANALYZER_NONNULL = YES;
				CLANG_ANALYZER_NUMBER_OBJECT_CONVERSION = YES_AGGRESSIVE;
				CLANG_CXX_LANGUAGE_STANDARD = "gnu++14";
				CLANG_CXX_LIBRARY = "libc++";
				CLANG_ENABLE_MODULES = YES;
				CLANG_ENABLE_OBJC_ARC = YES;
				CLANG_ENABLE_OBJC_WEAK = YES;
				CLANG_WARN_BLOCK_CAPTURE_AUTORELEASING = YES;
				CLANG_WARN_BOOL_CONVERSION = YES;
				CLANG_WARN_COMMA = YES;
				CLANG_WARN_CONSTANT_CONVERSION = YES;
				CLANG_WARN_DEPRECATED_OBJC_IMPLEMENTATIONS = YES;
				CLANG_WARN_DIRECT_OBJC_ISA_USAGE = YES_ERROR;
				CLANG_WARN_DOCUMENTATION_COMMENTS = YES;
				CLANG_WARN_EMPTY_BODY = YES;
				CLANG_WARN_ENUM_CONVERSION = YES;
				CLANG_WARN_INFINITE_RECURSION = YES;
				CLANG_WARN_INT_CONVERSION = YES;
				CLANG_WARN_NON_LITERAL_NULL_CONVERSION = YES;
				CLANG_WARN_OBJC_IMPLICIT_RETAIN_SELF = YES;
				CLANG_WARN_OBJC_LITERAL_CONVERSION = YES;
				CLANG_WARN_OBJC_ROOT_CLASS = YES_ERROR;
				CLANG_WARN_RANGE_LOOP_ANALYSIS = YES;
				CLANG_WARN_STRICT_PROTOTYPES = YES;
				CLANG_WARN_SUSPICIOUS_MOVE = YES;
				CLANG_WARN_UNGUARDED_AVAILABILITY = YES_AGGRESSIVE;
				CLANG_WARN_UNREACHABLE_CODE = YES;
				CLANG_WARN__DUPLICATE_METHOD_MATCH = YES;
				CODE_SIGN_IDENTITY = "iPhone Developer";
				COPY_PHASE_STRIP = NO;
				DEBUG_INFORMATION_FORMAT = dwarf;
				ENABLE_STRICT_OBJC_MSGSEND = YES;
				ENABLE_TESTABILITY = YES;
				GCC_C_LANGUAGE_STANDARD = gnu11;
				GCC_DYNAMIC_NO_PIC = NO;
				GCC_NO_COMMON_BLOCKS = YES;
				GCC_OPTIMIZATION_LEVEL = 0;
				GCC_PREPROCESSOR_DEFINITIONS = (
					"DEBUG=1",
					"$(inherited)",
				);
				GCC_WARN_64_TO_32_BIT_CONVERSION = YES;
				GCC_WARN_ABOUT_RETURN_TYPE = YES_ERROR;
				GCC_WARN_UNDECLARED_SELECTOR = YES;
				GCC_WARN_UNINITIALIZED_AUTOS = YES_AGGRESSIVE;
				GCC_WARN_UNUSED_FUNCTION = YES;
				GCC_WARN_UNUSED_VARIABLE = YES;
				IPHONEOS_DEPLOYMENT_TARGET = 12.1;
				MTL_ENABLE_DEBUG_INFO = INCLUDE_SOURCE;
				MTL_FAST_MATH = YES;
				ONLY_ACTIVE_ARCH = YES;
				SDKROOT = iphoneos;
				SWIFT_ACTIVE_COMPILATION_CONDITIONS = DEBUG;
				SWIFT_OPTIMIZATION_LEVEL = "-Onone";
			};
			name = Debug;
		};
		BF7EFE1125F805E7006BD49C /* Release */ = {
			isa = XCBuildConfiguration;
			buildSettings = {
				ALWAYS_SEARCH_USER_PATHS = NO;
				CLANG_ANALYZER_NONNULL = YES;
				CLANG_ANALYZER_NUMBER_OBJECT_CONVERSION = YES_AGGRESSIVE;
				CLANG_CXX_LANGUAGE_STANDARD = "gnu++14";
				CLANG_CXX_LIBRARY = "libc++";
				CLANG_ENABLE_MODULES = YES;
				CLANG_ENABLE_OBJC_ARC = YES;
				CLANG_ENABLE_OBJC_WEAK = YES;
				CLANG_WARN_BLOCK_CAPTURE_AUTORELEASING = YES;
				CLANG_WARN_BOOL_CONVERSION = YES;
				CLANG_WARN_COMMA = YES;
				CLANG_WARN_CONSTANT_CONVERSION = YES;
				CLANG_WARN_DEPRECATED_OBJC_IMPLEMENTATIONS = YES;
				CLANG_WARN_DIRECT_OBJC_ISA_USAGE = YES_ERROR;
				CLANG_WARN_DOCUMENTATION_COMMENTS = YES;
				CLANG_WARN_EMPTY_BODY = YES;
				CLANG_WARN_ENUM_CONVERSION = YES;
				CLANG_WARN_INFINITE_RECURSION = YES;
				CLANG_WARN_INT_CONVERSION = YES;
				CLANG_WARN_NON_LITERAL_NULL_CONVERSION = YES;
				CLANG_WARN_OBJC_IMPLICIT_RETAIN_SELF = YES;
				CLANG_WARN_OBJC_LITERAL_CONVERSION = YES;
				CLANG_WARN_OBJC_ROOT_CLASS = YES_ERROR;
				CLANG_WARN_RANGE_LOOP_ANALYSIS = YES;
				CLANG_WARN_STRICT_PROTOTYPES = YES;
				CLANG_WARN_SUSPICIOUS_MOVE = YES;
				CLANG_WARN_UNGUARDED_AVAILABILITY = YES_AGGRESSIVE;
				CLANG_WARN_UNREACHABLE_CODE = YES;
				CLANG_WARN__DUPLICATE_METHOD_MATCH = YES;
				CODE_SIGN_IDENTITY = "iPhone Developer";
				COPY_PHASE_STRIP = NO;
				DEBUG_INFORMATION_FORMAT = "dwarf-with-dsym";
				ENABLE_NS_ASSERTIONS = NO;
				ENABLE_STRICT_OBJC_MSGSEND = YES;
				GCC_C_LANGUAGE_STANDARD = gnu11;
				GCC_NO_COMMON_BLOCKS = YES;
				GCC_WARN_64_TO_32_BIT_CONVERSION = YES;
				GCC_WARN_ABOUT_RETURN_TYPE = YES_ERROR;
				GCC_WARN_UNDECLARED_SELECTOR = YES;
				GCC_WARN_UNINITIALIZED_AUTOS = YES_AGGRESSIVE;
				GCC_WARN_UNUSED_FUNCTION = YES;
				GCC_WARN_UNUSED_VARIABLE = YES;
				IPHONEOS_DEPLOYMENT_TARGET = 12.1;
				MTL_ENABLE_DEBUG_INFO = NO;
				MTL_FAST_MATH = YES;
				SDKROOT = iphoneos;
				SWIFT_COMPILATION_MODE = wholemodule;
				SWIFT_OPTIMIZATION_LEVEL = "-O";
				VALIDATE_PRODUCT = YES;
			};
			name = Release;
		};
		BF7EFE1325F805E7006BD49C /* Debug */ = {
			isa = XCBuildConfiguration;
			buildSettings = {
				ASSETCATALOG_COMPILER_APPICON_NAME = AppIcon;
				CODE_SIGN_STYLE = Automatic;
				INFOPLIST_FILE = HackwichEight/Info.plist;
				LD_RUNPATH_SEARCH_PATHS = (
					"$(inherited)",
					"@executable_path/Frameworks",
				);
				PRODUCT_BUNDLE_IDENTIFIER = uhwo.HackwichEight;
				PRODUCT_NAME = "$(TARGET_NAME)";
				SWIFT_VERSION = 4.2;
				TARGETED_DEVICE_FAMILY = "1,2";
			};
			name = Debug;
		};
		BF7EFE1425F805E7006BD49C /* Release */ = {
			isa = XCBuildConfiguration;
			buildSettings = {
				ASSETCATALOG_COMPILER_APPICON_NAME = AppIcon;
				CODE_SIGN_STYLE = Automatic;
				INFOPLIST_FILE = HackwichEight/Info.plist;
				LD_RUNPATH_SEARCH_PATHS = (
					"$(inherited)",
					"@executable_path/Frameworks",
				);
				PRODUCT_BUNDLE_IDENTIFIER = uhwo.HackwichEight;
				PRODUCT_NAME = "$(TARGET_NAME)";
				SWIFT_VERSION = 4.2;
				TARGETED_DEVICE_FAMILY = "1,2";
			};
			name = Release;
		};
		BF7EFE1625F805E7006BD49C /* Debug */ = {
			isa = XCBuildConfiguration;
			buildSettings = {
				ALWAYS_EMBED_SWIFT_STANDARD_LIBRARIES = YES;
				BUNDLE_LOADER = "$(TEST_HOST)";
				CODE_SIGN_STYLE = Automatic;
				INFOPLIST_FILE = HackwichEightTests/Info.plist;
				LD_RUNPATH_SEARCH_PATHS = (
					"$(inherited)",
					"@executable_path/Frameworks",
					"@loader_path/Frameworks",
				);
				PRODUCT_BUNDLE_IDENTIFIER = uhwo.HackwichEightTests;
				PRODUCT_NAME = "$(TARGET_NAME)";
				SWIFT_VERSION = 4.2;
				TARGETED_DEVICE_FAMILY = "1,2";
				TEST_HOST = "$(BUILT_PRODUCTS_DIR)/HackwichEight.app/HackwichEight";
			};
			name = Debug;
		};
		BF7EFE1725F805E7006BD49C /* Release */ = {
			isa = XCBuildConfiguration;
			buildSettings = {
				ALWAYS_EMBED_SWIFT_STANDARD_LIBRARIES = YES;
				BUNDLE_LOADER = "$(TEST_HOST)";
				CODE_SIGN_STYLE = Automatic;
				INFOPLIST_FILE = HackwichEightTests/Info.plist;
				LD_RUNPATH_SEARCH_PATHS = (
					"$(inherited)",
					"@executable_path/Frameworks",
					"@loader_path/Frameworks",
				);
				PRODUCT_BUNDLE_IDENTIFIER = uhwo.HackwichEightTests;
				PRODUCT_NAME = "$(TARGET_NAME)";
				SWIFT_VERSION = 4.2;
				TARGETED_DEVICE_FAMILY = "1,2";
				TEST_HOST = "$(BUILT_PRODUCTS_DIR)/HackwichEight.app/HackwichEight";
			};
			name = Release;
		};
		BF7EFE1925F805E7006BD49C /* Debug */ = {
			isa = XCBuildConfiguration;
			buildSettings = {
				ALWAYS_EMBED_SWIFT_STANDARD_LIBRARIES = YES;
				CODE_SIGN_STYLE = Automatic;
				INFOPLIST_FILE = HackwichEightUITests/Info.plist;
				LD_RUNPATH_SEARCH_PATHS = (
					"$(inherited)",
					"@executable_path/Frameworks",
					"@loader_path/Frameworks",
				);
				PRODUCT_BUNDLE_IDENTIFIER = uhwo.HackwichEightUITests;
				PRODUCT_NAME = "$(TARGET_NAME)";
				SWIFT_VERSION = 4.2;
				TARGETED_DEVICE_FAMILY = "1,2";
				TEST_TARGET_NAME = HackwichEight;
			};
			name = Debug;
		};
		BF7EFE1A25F805E7006BD49C /* Release */ = {
			isa = XCBuildConfiguration;
			buildSettings = {
				ALWAYS_EMBED_SWIFT_STANDARD_LIBRARIES = YES;
				CODE_SIGN_STYLE = Automatic;
				INFOPLIST_FILE = HackwichEightUITests/Info.plist;
				LD_RUNPATH_SEARCH_PATHS = (
					"$(inherited)",
					"@executable_path/Frameworks",
					"@loader_path/Frameworks",
				);
				PRODUCT_BUNDLE_IDENTIFIER = uhwo.HackwichEightUITests;
				PRODUCT_NAME = "$(TARGET_NAME)";
				SWIFT_VERSION = 4.2;
				TARGETED_DEVICE_FAMILY = "1,2";
				TEST_TARGET_NAME = HackwichEight;
			};
			name = Release;
		};
/* End XCBuildConfiguration section */

/* Begin XCConfigurationList section */
		BF7EFDE525F805E5006BD49C /* Build configuration list for PBXProject "HackwichEight" */ = {
			isa = XCConfigurationList;
			buildConfigurations = (
				BF7EFE1025F805E7006BD49C /* Debug */,
				BF7EFE1125F805E7006BD49C /* Release */,
			);
			defaultConfigurationIsVisible = 0;
			defaultConfigurationName = Release;
		};
		BF7EFE1225F805E7006BD49C /* Build configuration list for PBXNativeTarget "HackwichEight" */ = {
			isa = XCConfigurationList;
			buildConfigurations = (
				BF7EFE1325F805E7006BD49C /* Debug */,
				BF7EFE1425F805E7006BD49C /* Release */,
			);
			defaultConfigurationIsVisible = 0;
			defaultConfigurationName = Release;
		};
		BF7EFE1525F805E7006BD49C /* Build configuration list for PBXNativeTarget "HackwichEightTests" */ = {
			isa = XCConfigurationList;
			buildConfigurations = (
				BF7EFE1625F805E7006BD49C /* Debug */,
				BF7EFE1725F805E7006BD49C /* Release */,
			);
			defaultConfigurationIsVisible = 0;
			defaultConfigurationName = Release;
		};
		BF7EFE1825F805E7006BD49C /* Build configuration list for PBXNativeTarget "HackwichEightUITests" */ = {
			isa = XCConfigurationList;
			buildConfigurations = (
				BF7EFE1925F805E7006BD49C /* Debug */,
				BF7EFE1A25F805E7006BD49C /* Release */,
			);
			defaultConfigurationIsVisible = 0;
			defaultConfigurationName = Release;
		};
/* End XCConfigurationList section */
	};
	rootObject = BF7EFDE225F805E5006BD49C /* Project object */;
}
